// !$*UTF8*$!
{
	archiveVersion = 1;
	classes = {
	};
	objectVersion = 50;
	objects = {

/* Begin PBXBuildFile section */
		2BD41C1523E9E4C100AEB37B /* AppDelegate.swift in Sources */ = {isa = PBXBuildFile; fileRef = 2BD41C1423E9E4C100AEB37B /* AppDelegate.swift */; };
		2BD41C1723E9E4C100AEB37B /* SceneDelegate.swift in Sources */ = {isa = PBXBuildFile; fileRef = 2BD41C1623E9E4C100AEB37B /* SceneDelegate.swift */; };
		2BD41C1923E9E4C100AEB37B /* ViewController.swift in Sources */ = {isa = PBXBuildFile; fileRef = 2BD41C1823E9E4C100AEB37B /* ViewController.swift */; };
		2BD41C1C23E9E4C100AEB37B /* Main.storyboard in Resources */ = {isa = PBXBuildFile; fileRef = 2BD41C1A23E9E4C100AEB37B /* Main.storyboard */; };
		2BD41C1E23E9E4C200AEB37B /* Assets.xcassets in Resources */ = {isa = PBXBuildFile; fileRef = 2BD41C1D23E9E4C200AEB37B /* Assets.xcassets */; };
		2BD41C2123E9E4C200AEB37B /* LaunchScreen.storyboard in Resources */ = {isa = PBXBuildFile; fileRef = 2BD41C1F23E9E4C200AEB37B /* LaunchScreen.storyboard */; };
		2BD41C2C23E9E4C200AEB37B /* UniProjectTests.swift in Sources */ = {isa = PBXBuildFile; fileRef = 2BD41C2B23E9E4C200AEB37B /* UniProjectTests.swift */; };
		2BD41C3723E9E4C200AEB37B /* UniProjectUITests.swift in Sources */ = {isa = PBXBuildFile; fileRef = 2BD41C3623E9E4C200AEB37B /* UniProjectUITests.swift */; };
/* End PBXBuildFile section */

/* Begin PBXContainerItemProxy section */
		2BD41C2823E9E4C200AEB37B /* PBXContainerItemProxy */ = {
			isa = PBXContainerItemProxy;
			containerPortal = 2BD41C0923E9E4C100AEB37B /* Project object */;
			proxyType = 1;
			remoteGlobalIDString = 2BD41C1023E9E4C100AEB37B;
			remoteInfo = UniProject;
		};
		2BD41C3323E9E4C200AEB37B /* PBXContainerItemProxy */ = {
			isa = PBXContainerItemProxy;
			containerPortal = 2BD41C0923E9E4C100AEB37B /* Project object */;
			proxyType = 1;
			remoteGlobalIDString = 2BD41C1023E9E4C100AEB37B;
			remoteInfo = UniProject;
		};
/* End PBXContainerItemProxy section */

/* Begin PBXFileReference section */
		2BD41C1123E9E4C100AEB37B /* UniProject.app */ = {isa = PBXFileReference; explicitFileType = wrapper.application; includeInIndex = 0; path = UniProject.app; sourceTree = BUILT_PRODUCTS_DIR; };
		2BD41C1423E9E4C100AEB37B /* AppDelegate.swift */ = {isa = PBXFileReference; lastKnownFileType = sourcecode.swift; path = AppDelegate.swift; sourceTree = "<group>"; };
		2BD41C1623E9E4C100AEB37B /* SceneDelegate.swift */ = {isa = PBXFileReference; lastKnownFileType = sourcecode.swift; path = SceneDelegate.swift; sourceTree = "<group>"; };
		2BD41C1823E9E4C100AEB37B /* ViewController.swift */ = {isa = PBXFileReference; lastKnownFileType = sourcecode.swift; path = ViewController.swift; sourceTree = "<group>"; };
		2BD41C1B23E9E4C100AEB37B /* Base */ = {isa = PBXFileReference; lastKnownFileType = file.storyboard; name = Base; path = Base.lproj/Main.storyboard; sourceTree = "<group>"; };
		2BD41C1D23E9E4C200AEB37B /* Assets.xcassets */ = {isa = PBXFileReference; lastKnownFileType = folder.assetcatalog; path = Assets.xcassets; sourceTree = "<group>"; };
		2BD41C2023E9E4C200AEB37B /* Base */ = {isa = PBXFileReference; lastKnownFileType = file.storyboard; name = Base; path = Base.lproj/LaunchScreen.storyboard; sourceTree = "<group>"; };
		2BD41C2223E9E4C200AEB37B /* Info.plist */ = {isa = PBXFileReference; lastKnownFileType = text.plist.xml; path = Info.plist; sourceTree = "<group>"; };
		2BD41C2723E9E4C200AEB37B /* UniProjectTests.xctest */ = {isa = PBXFileReference; explicitFileType = wrapper.cfbundle; includeInIndex = 0; path = UniProjectTests.xctest; sourceTree = BUILT_PRODUCTS_DIR; };
		2BD41C2B23E9E4C200AEB37B /* UniProjectTests.swift */ = {isa = PBXFileReference; lastKnownFileType = sourcecode.swift; path = UniProjectTests.swift; sourceTree = "<group>"; };
		2BD41C2D23E9E4C200AEB37B /* Info.plist */ = {isa = PBXFileReference; lastKnownFileType = text.plist.xml; path = Info.plist; sourceTree = "<group>"; };
		2BD41C3223E9E4C200AEB37B /* UniProjectUITests.xctest */ = {isa = PBXFileReference; explicitFileType = wrapper.cfbundle; includeInIndex = 0; path = UniProjectUITests.xctest; sourceTree = BUILT_PRODUCTS_DIR; };
		2BD41C3623E9E4C200AEB37B /* UniProjectUITests.swift */ = {isa = PBXFileReference; lastKnownFileType = sourcecode.swift; path = UniProjectUITests.swift; sourceTree = "<group>"; };
		2BD41C3823E9E4C200AEB37B /* Info.plist */ = {isa = PBXFileReference; lastKnownFileType = text.plist.xml; path = Info.plist; sourceTree = "<group>"; };
/* End PBXFileReference section */

/* Begin PBXFrameworksBuildPhase section */
		2BD41C0E23E9E4C100AEB37B /* Frameworks */ = {
			isa = PBXFrameworksBuildPhase;
			buildActionMask = 2147483647;
			files = (
			);
			runOnlyForDeploymentPostprocessing = 0;
		};
		2BD41C2423E9E4C200AEB37B /* Frameworks */ = {
			isa = PBXFrameworksBuildPhase;
			buildActionMask = 2147483647;
			files = (
			);
			runOnlyForDeploymentPostprocessing = 0;
		};
		2BD41C2F23E9E4C200AEB37B /* Frameworks */ = {
			isa = PBXFrameworksBuildPhase;
			buildActionMask = 2147483647;
			files = (
			);
			runOnlyForDeploymentPostprocessing = 0;
		};
/* End PBXFrameworksBuildPhase section */

/* Begin PBXGroup section */
		2BD41C0823E9E4C100AEB37B = {
			isa = PBXGroup;
			children = (
				2BD41C1323E9E4C100AEB37B /* UniProject */,
				2BD41C2A23E9E4C200AEB37B /* UniProjectTests */,
				2BD41C3523E9E4C200AEB37B /* UniProjectUITests */,
				2BD41C1223E9E4C100AEB37B /* Products */,
			);
			sourceTree = "<group>";
		};
		2BD41C1223E9E4C100AEB37B /* Products */ = {
			isa = PBXGroup;
			children = (
				2BD41C1123E9E4C100AEB37B /* UniProject.app */,
				2BD41C2723E9E4C200AEB37B /* UniProjectTests.xctest */,
				2BD41C3223E9E4C200AEB37B /* UniProjectUITests.xctest */,
			);
			name = Products;
			sourceTree = "<group>";
		};
		2BD41C1323E9E4C100AEB37B /* UniProject */ = {
			isa = PBXGroup;
			children = (
				2BD41C1423E9E4C100AEB37B /* AppDelegate.swift */,
				2BD41C1623E9E4C100AEB37B /* SceneDelegate.swift */,
				2BD41C1823E9E4C100AEB37B /* ViewController.swift */,
				2BD41C1A23E9E4C100AEB37B /* Main.storyboard */,
				2BD41C1D23E9E4C200AEB37B /* Assets.xcassets */,
				2BD41C1F23E9E4C200AEB37B /* LaunchScreen.storyboard */,
				2BD41C2223E9E4C200AEB37B /* Info.plist */,
			);
			path = UniProject;
			sourceTree = "<group>";
		};
		2BD41C2A23E9E4C200AEB37B /* UniProjectTests */ = {
			isa = PBXGroup;
			children = (
				2BD41C2B23E9E4C200AEB37B /* UniProjectTests.swift */,
				2BD41C2D23E9E4C200AEB37B /* Info.plist */,
			);
			path = UniProjectTests;
			sourceTree = "<group>";
		};
		2BD41C3523E9E4C200AEB37B /* UniProjectUITests */ = {
			isa = PBXGroup;
			children = (
				2BD41C3623E9E4C200AEB37B /* UniProjectUITests.swift */,
				2BD41C3823E9E4C200AEB37B /* Info.plist */,
			);
			path = UniProjectUITests;
			sourceTree = "<group>";
		};
/* End PBXGroup section */

/* Begin PBXNativeTarget section */
		2BD41C1023E9E4C100AEB37B /* UniProject */ = {
			isa = PBXNativeTarget;
			buildConfigurationList = 2BD41C3B23E9E4C200AEB37B /* Build configuration list for PBXNativeTarget "UniProject" */;
			buildPhases = (
				2BD41C0D23E9E4C100AEB37B /* Sources */,
				2BD41C0E23E9E4C100AEB37B /* Frameworks */,
				2BD41C0F23E9E4C100AEB37B /* Resources */,
			);
			buildRules = (
			);
			dependencies = (
			);
			name = UniProject;
			productName = UniProject;
			productReference = 2BD41C1123E9E4C100AEB37B /* UniProject.app */;
			productType = "com.apple.product-type.application";
		};
		2BD41C2623E9E4C200AEB37B /* UniProjectTests */ = {
			isa = PBXNativeTarget;
			buildConfigurationList = 2BD41C3E23E9E4C200AEB37B /* Build configuration list for PBXNativeTarget "UniProjectTests" */;
			buildPhases = (
				2BD41C2323E9E4C200AEB37B /* Sources */,
				2BD41C2423E9E4C200AEB37B /* Frameworks */,
				2BD41C2523E9E4C200AEB37B /* Resources */,
			);
			buildRules = (
			);
			dependencies = (
				2BD41C2923E9E4C200AEB37B /* PBXTargetDependency */,
			);
			name = UniProjectTests;
			productName = UniProjectTests;
			productReference = 2BD41C2723E9E4C200AEB37B /* UniProjectTests.xctest */;
			productType = "com.apple.product-type.bundle.unit-test";
		};
		2BD41C3123E9E4C200AEB37B /* UniProjectUITests */ = {
			isa = PBXNativeTarget;
			buildConfigurationList = 2BD41C4123E9E4C200AEB37B /* Build configuration list for PBXNativeTarget "UniProjectUITests" */;
			buildPhases = (
				2BD41C2E23E9E4C200AEB37B /* Sources */,
				2BD41C2F23E9E4C200AEB37B /* Frameworks */,
				2BD41C3023E9E4C200AEB37B /* Resources */,
			);
			buildRules = (
			);
			dependencies = (
				2BD41C3423E9E4C200AEB37B /* PBXTargetDependency */,
			);
			name = UniProjectUITests;
			productName = UniProjectUITests;
			productReference = 2BD41C3223E9E4C200AEB37B /* UniProjectUITests.xctest */;
			productType = "com.apple.product-type.bundle.ui-testing";
		};
/* End PBXNativeTarget section */

/* Begin PBXProject section */
		2BD41C0923E9E4C100AEB37B /* Project object */ = {
			isa = PBXProject;
			attributes = {
				LastSwiftUpdateCheck = 1130;
				LastUpgradeCheck = 1130;
				ORGANIZATIONNAME = "James Liddle";
				TargetAttributes = {
					2BD41C1023E9E4C100AEB37B = {
						CreatedOnToolsVersion = 11.3.1;
					};
					2BD41C2623E9E4C200AEB37B = {
						CreatedOnToolsVersion = 11.3.1;
						TestTargetID = 2BD41C1023E9E4C100AEB37B;
					};
					2BD41C3123E9E4C200AEB37B = {
						CreatedOnToolsVersion = 11.3.1;
						TestTargetID = 2BD41C1023E9E4C100AEB37B;
					};
				};
			};
			buildConfigurationList = 2BD41C0C23E9E4C100AEB37B /* Build configuration list for PBXProject "UniProject" */;
			compatibilityVersion = "Xcode 9.3";
			developmentRegion = en;
			hasScannedForEncodings = 0;
			knownRegions = (
				en,
				Base,
			);
			mainGroup = 2BD41C0823E9E4C100AEB37B;
			productRefGroup = 2BD41C1223E9E4C100AEB37B /* Products */;
			projectDirPath = "";
			projectRoot = "";
			targets = (
				2BD41C1023E9E4C100AEB37B /* UniProject */,
				2BD41C2623E9E4C200AEB37B /* UniProjectTests */,
				2BD41C3123E9E4C200AEB37B /* UniProjectUITests */,
			);
		};
/* End PBXProject section */

/* Begin PBXResourcesBuildPhase section */
		2BD41C0F23E9E4C100AEB37B /* Resources */ = {
			isa = PBXResourcesBuildPhase;
			buildActionMask = 2147483647;
			files = (
				2BD41C2123E9E4C200AEB37B /* LaunchScreen.storyboard in Resources */,
				2BD41C1E23E9E4C200AEB37B /* Assets.xcassets in Resources */,
				2BD41C1C23E9E4C100AEB37B /* Main.storyboard in Resources */,
			);
			runOnlyForDeploymentPostprocessing = 0;
		};
		2BD41C2523E9E4C200AEB37B /* Resources */ = {
			isa = PBXResourcesBuildPhase;
			buildActionMask = 2147483647;
			files = (
			);
			runOnlyForDeploymentPostprocessing = 0;
		};
		2BD41C3023E9E4C200AEB37B /* Resources */ = {
			isa = PBXResourcesBuildPhase;
			buildActionMask = 2147483647;
			files = (
			);
			runOnlyForDeploymentPostprocessing = 0;
		};
/* End PBXResourcesBuildPhase section */

/* Begin PBXSourcesBuildPhase section */
		2BD41C0D23E9E4C100AEB37B /* Sources */ = {
			isa = PBXSourcesBuildPhase;
			buildActionMask = 2147483647;
			files = (
				2BD41C1923E9E4C100AEB37B /* ViewController.swift in Sources */,
				2BD41C1523E9E4C100AEB37B /* AppDelegate.swift in Sources */,
				2BD41C1723E9E4C100AEB37B /* SceneDelegate.swift in Sources */,
			);
			runOnlyForDeploymentPostprocessing = 0;
		};
		2BD41C2323E9E4C200AEB37B /* Sources */ = {
			isa = PBXSourcesBuildPhase;
			buildActionMask = 2147483647;
			files = (
				2BD41C2C23E9E4C200AEB37B /* UniProjectTests.swift in Sources */,
			);
			runOnlyForDeploymentPostprocessing = 0;
		};
		2BD41C2E23E9E4C200AEB37B /* Sources */ = {
			isa = PBXSourcesBuildPhase;
			buildActionMask = 2147483647;
			files = (
				2BD41C3723E9E4C200AEB37B /* UniProjectUITests.swift in Sources */,
			);
			runOnlyForDeploymentPostprocessing = 0;
		};
/* End PBXSourcesBuildPhase section */

/* Begin PBXTargetDependency section */
		2BD41C2923E9E4C200AEB37B /* PBXTargetDependency */ = {
			isa = PBXTargetDependency;
			target = 2BD41C1023E9E4C100AEB37B /* UniProject */;
			targetProxy = 2BD41C2823E9E4C200AEB37B /* PBXContainerItemProxy */;
		};
		2BD41C3423E9E4C200AEB37B /* PBXTargetDependency */ = {
			isa = PBXTargetDependency;
			target = 2BD41C1023E9E4C100AEB37B /* UniProject */;
			targetProxy = 2BD41C3323E9E4C200AEB37B /* PBXContainerItemProxy */;
		};
/* End PBXTargetDependency section */

/* Begin PBXVariantGroup section */
		2BD41C1A23E9E4C100AEB37B /* Main.storyboard */ = {
			isa = PBXVariantGroup;
			children = (
				2BD41C1B23E9E4C100AEB37B /* Base */,
			);
			name = Main.storyboard;
			sourceTree = "<group>";
		};
		2BD41C1F23E9E4C200AEB37B /* LaunchScreen.storyboard */ = {
			isa = PBXVariantGroup;
			children = (
				2BD41C2023E9E4C200AEB37B /* Base */,
			);
			name = LaunchScreen.storyboard;
			sourceTree = "<group>";
		};
/* End PBXVariantGroup section */

/* Begin XCBuildConfiguration section */
		2BD41C3923E9E4C200AEB37B /* Debug */ = {
			isa = XCBuildConfiguration;
			buildSettings = {
				ALWAYS_SEARCH_USER_PATHS = NO;
				CLANG_ANALYZER_NONNULL = YES;
				CLANG_ANALYZER_NUMBER_OBJECT_CONVERSION = YES_AGGRESSIVE;
				CLANG_CXX_LANGUAGE_STANDARD = "gnu++14";
				CLANG_CXX_LIBRARY = "libc++";
				CLANG_ENABLE_MODULES = YES;
				CLANG_ENABLE_OBJC_ARC = YES;
				CLANG_ENABLE_OBJC_WEAK = YES;
				CLANG_WARN_BLOCK_CAPTURE_AUTORELEASING = YES;
				CLANG_WARN_BOOL_CONVERSION = YES;
				CLANG_WARN_COMMA = YES;
				CLANG_WARN_CONSTANT_CONVERSION = YES;
				CLANG_WARN_DEPRECATED_OBJC_IMPLEMENTATIONS = YES;
				CLANG_WARN_DIRECT_OBJC_ISA_USAGE = YES_ERROR;
				CLANG_WARN_DOCUMENTATION_COMMENTS = YES;
				CLANG_WARN_EMPTY_BODY = YES;
				CLANG_WARN_ENUM_CONVERSION = YES;
				CLANG_WARN_INFINITE_RECURSION = YES;
				CLANG_WARN_INT_CONVERSION = YES;
				CLANG_WARN_NON_LITERAL_NULL_CONVERSION = YES;
				CLANG_WARN_OBJC_IMPLICIT_RETAIN_SELF = YES;
				CLANG_WARN_OBJC_LITERAL_CONVERSION = YES;
				CLANG_WARN_OBJC_ROOT_CLASS = YES_ERROR;
				CLANG_WARN_RANGE_LOOP_ANALYSIS = YES;
				CLANG_WARN_STRICT_PROTOTYPES = YES;
				CLANG_WARN_SUSPICIOUS_MOVE = YES;
				CLANG_WARN_UNGUARDED_AVAILABILITY = YES_AGGRESSIVE;
				CLANG_WARN_UNREACHABLE_CODE = YES;
				CLANG_WARN__DUPLICATE_METHOD_MATCH = YES;
				COPY_PHASE_STRIP = NO;
				DEBUG_INFORMATION_FORMAT = dwarf;
				ENABLE_STRICT_OBJC_MSGSEND = YES;
				ENABLE_TESTABILITY = YES;
				GCC_C_LANGUAGE_STANDARD = gnu11;
				GCC_DYNAMIC_NO_PIC = NO;
				GCC_NO_COMMON_BLOCKS = YES;
				GCC_OPTIMIZATION_LEVEL = 0;
				GCC_PREPROCESSOR_DEFINITIONS = (
					"DEBUG=1",
					"$(inherited)",
				);
				GCC_WARN_64_TO_32_BIT_CONVERSION = YES;
				GCC_WARN_ABOUT_RETURN_TYPE = YES_ERROR;
				GCC_WARN_UNDECLARED_SELECTOR = YES;
				GCC_WARN_UNINITIALIZED_AUTOS = YES_AGGRESSIVE;
				GCC_WARN_UNUSED_FUNCTION = YES;
				GCC_WARN_UNUSED_VARIABLE = YES;
				IPHONEOS_DEPLOYMENT_TARGET = 13.2;
				MTL_ENABLE_DEBUG_INFO = INCLUDE_SOURCE;
				MTL_FAST_MATH = YES;
				ONLY_ACTIVE_ARCH = YES;
				SDKROOT = iphoneos;
				SWIFT_ACTIVE_COMPILATION_CONDITIONS = DEBUG;
				SWIFT_OPTIMIZATION_LEVEL = "-Onone";
			};
			name = Debug;
		};
		2BD41C3A23E9E4C200AEB37B /* Release */ = {
			isa = XCBuildConfiguration;
			buildSettings = {
				ALWAYS_SEARCH_USER_PATHS = NO;
				CLANG_ANALYZER_NONNULL = YES;
				CLANG_ANALYZER_NUMBER_OBJECT_CONVERSION = YES_AGGRESSIVE;
				CLANG_CXX_LANGUAGE_STANDARD = "gnu++14";
				CLANG_CXX_LIBRARY = "libc++";
				CLANG_ENABLE_MODULES = YES;
				CLANG_ENABLE_OBJC_ARC = YES;
				CLANG_ENABLE_OBJC_WEAK = YES;
				CLANG_WARN_BLOCK_CAPTURE_AUTORELEASING = YES;
				CLANG_WARN_BOOL_CONVERSION = YES;
				CLANG_WARN_COMMA = YES;
				CLANG_WARN_CONSTANT_CONVERSION = YES;
				CLANG_WARN_DEPRECATED_OBJC_IMPLEMENTATIONS = YES;
				CLANG_WARN_DIRECT_OBJC_ISA_USAGE = YES_ERROR;
				CLANG_WARN_DOCUMENTATION_COMMENTS = YES;
				CLANG_WARN_EMPTY_BODY = YES;
				CLANG_WARN_ENUM_CONVERSION = YES;
				CLANG_WARN_INFINITE_RECURSION = YES;
				CLANG_WARN_INT_CONVERSION = YES;
				CLANG_WARN_NON_LITERAL_NULL_CONVERSION = YES;
				CLANG_WARN_OBJC_IMPLICIT_RETAIN_SELF = YES;
				CLANG_WARN_OBJC_LITERAL_CONVERSION = YES;
				CLANG_WARN_OBJC_ROOT_CLASS = YES_ERROR;
				CLANG_WARN_RANGE_LOOP_ANALYSIS = YES;
				CLANG_WARN_STRICT_PROTOTYPES = YES;
				CLANG_WARN_SUSPICIOUS_MOVE = YES;
				CLANG_WARN_UNGUARDED_AVAILABILITY = YES_AGGRESSIVE;
				CLANG_WARN_UNREACHABLE_CODE = YES;
				CLANG_WARN__DUPLICATE_METHOD_MATCH = YES;
				COPY_PHASE_STRIP = NO;
				DEBUG_INFORMATION_FORMAT = "dwarf-with-dsym";
				ENABLE_NS_ASSERTIONS = NO;
				ENABLE_STRICT_OBJC_MSGSEND = YES;
				GCC_C_LANGUAGE_STANDARD = gnu11;
				GCC_NO_COMMON_BLOCKS = YES;
				GCC_WARN_64_TO_32_BIT_CONVERSION = YES;
				GCC_WARN_ABOUT_RETURN_TYPE = YES_ERROR;
				GCC_WARN_UNDECLARED_SELECTOR = YES;
				GCC_WARN_UNINITIALIZED_AUTOS = YES_AGGRESSIVE;
				GCC_WARN_UNUSED_FUNCTION = YES;
				GCC_WARN_UNUSED_VARIABLE = YES;
				IPHONEOS_DEPLOYMENT_TARGET = 13.2;
				MTL_ENABLE_DEBUG_INFO = NO;
				MTL_FAST_MATH = YES;
				SDKROOT = iphoneos;
				SWIFT_COMPILATION_MODE = wholemodule;
				SWIFT_OPTIMIZATION_LEVEL = "-O";
				VALIDATE_PRODUCT = YES;
			};
			name = Release;
		};
		2BD41C3C23E9E4C200AEB37B /* Debug */ = {
			isa = XCBuildConfiguration;
			buildSettings = {
				ASSETCATALOG_COMPILER_APPICON_NAME = AppIcon;
				CODE_SIGN_STYLE = Automatic;
				INFOPLIST_FILE = UniProject/Info.plist;
				LD_RUNPATH_SEARCH_PATHS = (
					"$(inherited)",
					"@executable_path/Frameworks",
				);
				PRODUCT_BUNDLE_IDENTIFIER = "final-year-project.UniProject";
				PRODUCT_NAME = "$(TARGET_NAME)";
				SWIFT_VERSION = 5.0;
				TARGETED_DEVICE_FAMILY = "1,2";
			};
			name = Debug;
		};
		2BD41C3D23E9E4C200AEB37B /* Release */ = {
			isa = XCBuildConfiguration;
			buildSettings = {
				ASSETCATALOG_COMPILER_APPICON_NAME = AppIcon;
				CODE_SIGN_STYLE = Automatic;
				INFOPLIST_FILE = UniProject/Info.plist;
				LD_RUNPATH_SEARCH_PATHS = (
					"$(inherited)",
					"@executable_path/Frameworks",
				);
				PRODUCT_BUNDLE_IDENTIFIER = "final-year-project.UniProject";
				PRODUCT_NAME = "$(TARGET_NAME)";
				SWIFT_VERSION = 5.0;
				TARGETED_DEVICE_FAMILY = "1,2";
			};
			name = Release;
		};
		2BD41C3F23E9E4C200AEB37B /* Debug */ = {
			isa = XCBuildConfiguration;
			buildSettings = {
				ALWAYS_EMBED_SWIFT_STANDARD_LIBRARIES = YES;
				BUNDLE_LOADER = "$(TEST_HOST)";
				CODE_SIGN_STYLE = Automatic;
				INFOPLIST_FILE = UniProjectTests/Info.plist;
				IPHONEOS_DEPLOYMENT_TARGET = 13.2;
				LD_RUNPATH_SEARCH_PATHS = (
					"$(inherited)",
					"@executable_path/Frameworks",
					"@loader_path/Frameworks",
				);
				PRODUCT_BUNDLE_IDENTIFIER = "final-year-project.UniProjectTests";
				PRODUCT_NAME = "$(TARGET_NAME)";
				SWIFT_VERSION = 5.0;
				TARGETED_DEVICE_FAMILY = "1,2";
				TEST_HOST = "$(BUILT_PRODUCTS_DIR)/UniProject.app/UniProject";
			};
			name = Debug;
		};
		2BD41C4023E9E4C200AEB37B /* Release */ = {
			isa = XCBuildConfiguration;
			buildSettings = {
				ALWAYS_EMBED_SWIFT_STANDARD_LIBRARIES = YES;
				BUNDLE_LOADER = "$(TEST_HOST)";
				CODE_SIGN_STYLE = Automatic;
				INFOPLIST_FILE = UniProjectTests/Info.plist;
				IPHONEOS_DEPLOYMENT_TARGET = 13.2;
				LD_RUNPATH_SEARCH_PATHS = (
					"$(inherited)",
					"@executable_path/Frameworks",
					"@loader_path/Frameworks",
				);
				PRODUCT_BUNDLE_IDENTIFIER = "final-year-project.UniProjectTests";
				PRODUCT_NAME = "$(TARGET_NAME)";
				SWIFT_VERSION = 5.0;
				TARGETED_DEVICE_FAMILY = "1,2";
				TEST_HOST = "$(BUILT_PRODUCTS_DIR)/UniProject.app/UniProject";
			};
			name = Release;
		};
		2BD41C4223E9E4C200AEB37B /* Debug */ = {
			isa = XCBuildConfiguration;
			buildSettings = {
				ALWAYS_EMBED_SWIFT_STANDARD_LIBRARIES = YES;
				CODE_SIGN_STYLE = Automatic;
				INFOPLIST_FILE = UniProjectUITests/Info.plist;
				LD_RUNPATH_SEARCH_PATHS = (
					"$(inherited)",
					"@executable_path/Frameworks",
					"@loader_path/Frameworks",
				);
				PRODUCT_BUNDLE_IDENTIFIER = "final-year-project.UniProjectUITests";
				PRODUCT_NAME = "$(TARGET_NAME)";
				SWIFT_VERSION = 5.0;
				TARGETED_DEVICE_FAMILY = "1,2";
				TEST_TARGET_NAME = UniProject;
			};
			name = Debug;
		};
		2BD41C4323E9E4C200AEB37B /* Release */ = {
			isa = XCBuildConfiguration;
			buildSettings = {
				ALWAYS_EMBED_SWIFT_STANDARD_LIBRARIES = YES;
				CODE_SIGN_STYLE = Automatic;
				INFOPLIST_FILE = UniProjectUITests/Info.plist;
				LD_RUNPATH_SEARCH_PATHS = (
					"$(inherited)",
					"@executable_path/Frameworks",
					"@loader_path/Frameworks",
				);
				PRODUCT_BUNDLE_IDENTIFIER = "final-year-project.UniProjectUITests";
				PRODUCT_NAME = "$(TARGET_NAME)";
				SWIFT_VERSION = 5.0;
				TARGETED_DEVICE_FAMILY = "1,2";
				TEST_TARGET_NAME = UniProject;
			};
			name = Release;
		};
/* End XCBuildConfiguration section */

/* Begin XCConfigurationList section */
		2BD41C0C23E9E4C100AEB37B /* Build configuration list for PBXProject "UniProject" */ = {
			isa = XCConfigurationList;
			buildConfigurations = (
				2BD41C3923E9E4C200AEB37B /* Debug */,
				2BD41C3A23E9E4C200AEB37B /* Release */,
			);
			defaultConfigurationIsVisible = 0;
			defaultConfigurationName = Release;
		};
		2BD41C3B23E9E4C200AEB37B /* Build configuration list for PBXNativeTarget "UniProject" */ = {
			isa = XCConfigurationList;
			buildConfigurations = (
				2BD41C3C23E9E4C200AEB37B /* Debug */,
				2BD41C3D23E9E4C200AEB37B /* Release */,
			);
			defaultConfigurationIsVisible = 0;
			defaultConfigurationName = Release;
		};
		2BD41C3E23E9E4C200AEB37B /* Build configuration list for PBXNativeTarget "UniProjectTests" */ = {
			isa = XCConfigurationList;
			buildConfigurations = (
				2BD41C3F23E9E4C200AEB37B /* Debug */,
				2BD41C4023E9E4C200AEB37B /* Release */,
			);
			defaultConfigurationIsVisible = 0;
			defaultConfigurationName = Release;
		};
		2BD41C4123E9E4C200AEB37B /* Build configuration list for PBXNativeTarget "UniProjectUITests" */ = {
			isa = XCConfigurationList;
			buildConfigurations = (
				2BD41C4223E9E4C200AEB37B /* Debug */,
				2BD41C4323E9E4C200AEB37B /* Release */,
			);
			defaultConfigurationIsVisible = 0;
			defaultConfigurationName = Release;
		};
/* End XCConfigurationList section */
	};
	rootObject = 2BD41C0923E9E4C100AEB37B /* Project object */;
}
